
Microsoft Visual Studio Solution File, Format Version 12.00
# Visual Studio Version 16
VisualStudioVersion = 16.0.30503.244
MinimumVisualStudioVersion = 10.0.40219.1
Project("{FAE04EC0-301F-11D3-BF4B-00C04F79EFBC}") = "ConsoleGameApplication", "ConsoleGameApplication.csproj", "{2D34C043-5575-4228-8953-E47EDDB38FD2}"
EndProject
Global
	GlobalSection(SolutionConfigurationPlatforms) = preSolution
		Debug|Any CPU = Debug|Any CPU
		Release|Any CPU = Release|Any CPU
	EndGlobalSection
	GlobalSection(ProjectConfigurationPlatforms) = postSolution
		{2D34C043-5575-4228-8953-E47EDDB38FD2}.Debug|Any CPU.ActiveCfg = Debug|Any CPU
		{2D34C043-5575-4228-8953-E47EDDB38FD2}.Debug|Any CPU.Build.0 = Debug|Any CPU
		{2D34C043-5575-4228-8953-E47EDDB38FD2}.Release|Any CPU.ActiveCfg = Release|Any CPU
		{2D34C043-5575-4228-8953-E47EDDB38FD2}.Release|Any CPU.Build.0 = Release|Any CPU
	EndGlobalSection
	GlobalSection(SolutionProperties) = preSolution
		HideSolutionNode = FALSE
	EndGlobalSection
	GlobalSection(ExtensibilityGlobals) = postSolution
		SolutionGuid = {446038F2-989F-46AD-A90C-4ED2178BB0BF}
	EndGlobalSection
EndGlobal
